
Microsoft Visual Studio Solution File, Format Version 12.00
Project("{FAE04EC0-301F-11D3-BF4B-00C04F79EFBC}") = "POC Memory Leak", "POC Memory Leak\POC Memory Leak.csproj", "{D0ECFBF4-9F35-40F5-8AFD-95895830D5B3}"
EndProject
Global
	GlobalSection(SolutionConfigurationPlatforms) = preSolution
		Debug|Any CPU = Debug|Any CPU
		Release|Any CPU = Release|Any CPU
	EndGlobalSection
	GlobalSection(ProjectConfigurationPlatforms) = postSolution
		{D0ECFBF4-9F35-40F5-8AFD-95895830D5B3}.Debug|Any CPU.ActiveCfg = Debug|Any CPU
		{D0ECFBF4-9F35-40F5-8AFD-95895830D5B3}.Debug|Any CPU.Build.0 = Debug|Any CPU
		{D0ECFBF4-9F35-40F5-8AFD-95895830D5B3}.Release|Any CPU.ActiveCfg = Release|Any CPU
		{D0ECFBF4-9F35-40F5-8AFD-95895830D5B3}.Release|Any CPU.Build.0 = Release|Any CPU
	EndGlobalSection
EndGlobal
