
Microsoft Visual Studio Solution File, Format Version 12.00
# Visual Studio Version 16
VisualStudioVersion = 16.0.29806.167
MinimumVisualStudioVersion = 10.0.40219.1
Project("{9A19103F-16F7-4668-BE54-9A1E7A4F7556}") = "poc.memory.leak.ioc", "poc.memory.leak.ioc\poc.memory.leak.ioc.csproj", "{C0BBBB30-BAB9-4993-9841-B92C256A0542}"
EndProject
Project("{9A19103F-16F7-4668-BE54-9A1E7A4F7556}") = "poc.memory.leak.repository", "poc.memory.leak.repository\poc.memory.leak.repository.csproj", "{4794406E-E6A0-4854-BB1F-05B3C957BC55}"
EndProject
Project("{9A19103F-16F7-4668-BE54-9A1E7A4F7556}") = "poc.memory.leak.interfaces", "poc.memory.leak.interfaces\poc.memory.leak.interfaces.csproj", "{6B052975-A688-4A25-9EC1-5163D0DE733A}"
EndProject
Project("{9A19103F-16F7-4668-BE54-9A1E7A4F7556}") = "poc.memory.leak.services", "poc.memory.leak.services\poc.memory.leak.services.csproj", "{07896DBA-969F-4F18-A3F9-AAA7B71FD7E2}"
EndProject
Project("{9A19103F-16F7-4668-BE54-9A1E7A4F7556}") = "poc_memory_leak_fractal_2.2", "poc_memory_leak_fractal_2.2\poc_memory_leak_fractal_2.2.csproj", "{41770F9C-913F-4190-8633-3F46BEA955B7}"
EndProject
Global
	GlobalSection(SolutionConfigurationPlatforms) = preSolution
		Debug|Any CPU = Debug|Any CPU
		Release|Any CPU = Release|Any CPU
	EndGlobalSection
	GlobalSection(ProjectConfigurationPlatforms) = postSolution
		{C0BBBB30-BAB9-4993-9841-B92C256A0542}.Debug|Any CPU.ActiveCfg = Debug|Any CPU
		{C0BBBB30-BAB9-4993-9841-B92C256A0542}.Debug|Any CPU.Build.0 = Debug|Any CPU
		{C0BBBB30-BAB9-4993-9841-B92C256A0542}.Release|Any CPU.ActiveCfg = Release|Any CPU
		{C0BBBB30-BAB9-4993-9841-B92C256A0542}.Release|Any CPU.Build.0 = Release|Any CPU
		{4794406E-E6A0-4854-BB1F-05B3C957BC55}.Debug|Any CPU.ActiveCfg = Debug|Any CPU
		{4794406E-E6A0-4854-BB1F-05B3C957BC55}.Debug|Any CPU.Build.0 = Debug|Any CPU
		{4794406E-E6A0-4854-BB1F-05B3C957BC55}.Release|Any CPU.ActiveCfg = Release|Any CPU
		{4794406E-E6A0-4854-BB1F-05B3C957BC55}.Release|Any CPU.Build.0 = Release|Any CPU
		{6B052975-A688-4A25-9EC1-5163D0DE733A}.Debug|Any CPU.ActiveCfg = Debug|Any CPU
		{6B052975-A688-4A25-9EC1-5163D0DE733A}.Debug|Any CPU.Build.0 = Debug|Any CPU
		{6B052975-A688-4A25-9EC1-5163D0DE733A}.Release|Any CPU.ActiveCfg = Release|Any CPU
		{6B052975-A688-4A25-9EC1-5163D0DE733A}.Release|Any CPU.Build.0 = Release|Any CPU
		{07896DBA-969F-4F18-A3F9-AAA7B71FD7E2}.Debug|Any CPU.ActiveCfg = Debug|Any CPU
		{07896DBA-969F-4F18-A3F9-AAA7B71FD7E2}.Debug|Any CPU.Build.0 = Debug|Any CPU
		{07896DBA-969F-4F18-A3F9-AAA7B71FD7E2}.Release|Any CPU.ActiveCfg = Release|Any CPU
		{07896DBA-969F-4F18-A3F9-AAA7B71FD7E2}.Release|Any CPU.Build.0 = Release|Any CPU
		{41770F9C-913F-4190-8633-3F46BEA955B7}.Debug|Any CPU.ActiveCfg = Debug|Any CPU
		{41770F9C-913F-4190-8633-3F46BEA955B7}.Debug|Any CPU.Build.0 = Debug|Any CPU
		{41770F9C-913F-4190-8633-3F46BEA955B7}.Release|Any CPU.ActiveCfg = Release|Any CPU
		{41770F9C-913F-4190-8633-3F46BEA955B7}.Release|Any CPU.Build.0 = Release|Any CPU
	EndGlobalSection
	GlobalSection(SolutionProperties) = preSolution
		HideSolutionNode = FALSE
	EndGlobalSection
	GlobalSection(ExtensibilityGlobals) = postSolution
		SolutionGuid = {68DB6043-B8EA-473B-AEE4-42775C704DC7}
	EndGlobalSection
EndGlobal
